
Microsoft Visual Studio Solution File, Format Version 12.00
# Visual Studio Version 17
VisualStudioVersion = 17.0.31912.275
MinimumVisualStudioVersion = 10.0.40219.1
Project("{FAE04EC0-301F-11D3-BF4B-00C04F79EFBC}") = "PossibleScheduleChecker", "PossibleScheduleChecker\PossibleScheduleChecker.csproj", "{15ACB262-8A21-4DD4-9F75-B128A03F406B}"
EndProject
Global
	GlobalSection(SolutionConfigurationPlatforms) = preSolution
		Debug|Any CPU = Debug|Any CPU
		Release|Any CPU = Release|Any CPU
	EndGlobalSection
	GlobalSection(ProjectConfigurationPlatforms) = postSolution
		{15ACB262-8A21-4DD4-9F75-B128A03F406B}.Debug|Any CPU.ActiveCfg = Debug|Any CPU
		{15ACB262-8A21-4DD4-9F75-B128A03F406B}.Debug|Any CPU.Build.0 = Debug|Any CPU
		{15ACB262-8A21-4DD4-9F75-B128A03F406B}.Release|Any CPU.ActiveCfg = Release|Any CPU
		{15ACB262-8A21-4DD4-9F75-B128A03F406B}.Release|Any CPU.Build.0 = Release|Any CPU
	EndGlobalSection
	GlobalSection(SolutionProperties) = preSolution
		HideSolutionNode = FALSE
	EndGlobalSection
	GlobalSection(ExtensibilityGlobals) = postSolution
		SolutionGuid = {51A0CDA9-A7E2-44B7-9CE8-2C1157E898A8}
	EndGlobalSection
EndGlobal
